
Microsoft Visual Studio Solution File, Format Version 9.00
# Visual C# Express 2005
Project("{FAE04EC0-301F-11D3-BF4B-00C04F79EFBC}") = "Client3", "Client3\Client3.csproj", "{999BEA54-7C28-452A-972D-87B4AA2E37B8}"
EndProject
Global
	GlobalSection(SolutionConfigurationPlatforms) = preSolution
		Debug|Any CPU = Debug|Any CPU
		Release|Any CPU = Release|Any CPU
	EndGlobalSection
	GlobalSection(ProjectConfigurationPlatforms) = postSolution
		{999BEA54-7C28-452A-972D-87B4AA2E37B8}.Debug|Any CPU.ActiveCfg = Debug|Any CPU
		{999BEA54-7C28-452A-972D-87B4AA2E37B8}.Debug|Any CPU.Build.0 = Debug|Any CPU
		{999BEA54-7C28-452A-972D-87B4AA2E37B8}.Release|Any CPU.ActiveCfg = Release|Any CPU
		{999BEA54-7C28-452A-972D-87B4AA2E37B8}.Release|Any CPU.Build.0 = Release|Any CPU
	EndGlobalSection
	GlobalSection(SolutionProperties) = preSolution
		HideSolutionNode = FALSE
	EndGlobalSection
EndGlobal
